PODS:
  - Flutter (1.0.0)
  - screenshot_detect_plugin_flutter (0.0.1):
    - Flutter

DEPENDENCIES:
  - Flutter (from `Flutter`)
  - screenshot_detect_plugin_flutter (from `.symlinks/plugins/screenshot_detect_plugin_flutter/ios`)

EXTERNAL SOURCES:
  Flutter:
    :path: Flutter
  screenshot_detect_plugin_flutter:
    :path: ".symlinks/plugins/screenshot_detect_plugin_flutter/ios"

SPEC CHECKSUMS:
  Flutter: f04841e97a9d0b0a8025694d0796dd46242b2854
  screenshot_detect_plugin_flutter: e93e10ade91547f963abe81facb51b43f7a3f1b3

PODFILE CHECKSUM: ef19549a9bc3046e7bb7d2fab4d021637c0c58a3

COCOAPODS: 1.13.0
